{
  "projects": [
    {
      "projectId": "enk3K4vZ6pmH6kVCoZJXGn",
      "version": "4.25.0",
      "dependencies": {},
      "lang": "ts",
      "fileLocks": [
        {
          "assetId": "enk3K4vZ6pmH6kVCoZJXGn",
          "type": "projectCss",
          "checksum": "67c68b20701026439269d7beebecfc49"
        }
      ],
      "codegenVersion": "0.0.1"
    },
    {
      "projectId": "caTPwKxj5ZrD9LQ7DMdK4Z",
      "version": "3.39.0",
      "dependencies": {},
      "lang": "ts",
      "fileLocks": [
        {
          "assetId": "caTPwKxj5ZrD9LQ7DMdK4Z",
          "type": "projectCss",
          "checksum": "1c02168c6b23256606111fdfdbb63549"
        }
      ],
      "codegenVersion": "0.0.1"
    },
    {
      "projectId": "4kmT42g2H7uUo6tUMY4ybn",
      "version": "latest",
      "dependencies": {
        "caTPwKxj5ZrD9LQ7DMdK4Z": "3.39.0",
        "enk3K4vZ6pmH6kVCoZJXGn": "4.25.0"
      },
      "lang": "ts",
      "fileLocks": [
        {
          "type": "globalVariant",
          "assetId": "wNZpH8_ebYNo",
          "checksum": "af5704f8e810438b852abdd729d5ecb1"
        },
        {
          "type": "renderModule",
          "assetId": "MZSrhhrzhpTK",
          "checksum": "930810b607db557cec1fcc121602a2c4"
        },
        {
          "type": "cssRules",
          "assetId": "MZSrhhrzhpTK",
          "checksum": "930810b607db557cec1fcc121602a2c4"
        },
        {
          "type": "renderModule",
          "assetId": "tkOt_-8cchSg",
          "checksum": "5d4f090c02df7ce65e599cbd3c25cc14"
        },
        {
          "type": "cssRules",
          "assetId": "tkOt_-8cchSg",
          "checksum": "5d4f090c02df7ce65e599cbd3c25cc14"
        },
        {
          "type": "renderModule",
          "assetId": "qAeYDifi-P0K",
          "checksum": "b52bae23e434e1a990d767433d4fbb7a"
        },
        {
          "type": "cssRules",
          "assetId": "qAeYDifi-P0K",
          "checksum": "b52bae23e434e1a990d767433d4fbb7a"
        },
        {
          "type": "renderModule",
          "assetId": "7Rw9nWHdqElo",
          "checksum": "f7bb8fe774a9ddbc7beb6fa9e1bc3401"
        },
        {
          "type": "cssRules",
          "assetId": "7Rw9nWHdqElo",
          "checksum": "f7bb8fe774a9ddbc7beb6fa9e1bc3401"
        },
        {
          "type": "renderModule",
          "assetId": "YMds4Y2tLJSC",
          "checksum": "9e2e5ecf4ccef85294881402020df00b"
        },
        {
          "type": "cssRules",
          "assetId": "YMds4Y2tLJSC",
          "checksum": "9e2e5ecf4ccef85294881402020df00b"
        },
        {
          "type": "renderModule",
          "assetId": "nqtPxElLgaYX",
          "checksum": "cceb87ce46efd19bc07792015c69b75a"
        },
        {
          "type": "cssRules",
          "assetId": "nqtPxElLgaYX",
          "checksum": "cceb87ce46efd19bc07792015c69b75a"
        },
        {
          "type": "renderModule",
          "assetId": "d8y4ZLsgt3YK",
          "checksum": "e835073aa7c15c3dcdd7d6f34bffec1b"
        },
        {
          "type": "cssRules",
          "assetId": "d8y4ZLsgt3YK",
          "checksum": "e835073aa7c15c3dcdd7d6f34bffec1b"
        },
        {
          "type": "renderModule",
          "assetId": "z-DVbd0fobP_",
          "checksum": "76a4b92aed3e7305b0e931e59f01805f"
        },
        {
          "type": "cssRules",
          "assetId": "z-DVbd0fobP_",
          "checksum": "76a4b92aed3e7305b0e931e59f01805f"
        },
        {
          "type": "renderModule",
          "assetId": "YoQx42GsNDwt",
          "checksum": "38fe7fc46a584f55397cd6328b1aaecd"
        },
        {
          "type": "cssRules",
          "assetId": "YoQx42GsNDwt",
          "checksum": "38fe7fc46a584f55397cd6328b1aaecd"
        },
        {
          "type": "renderModule",
          "assetId": "4CFXln11DKUj",
          "checksum": "81eae4c8d8cf9ea025471e4e4a67638f"
        },
        {
          "type": "cssRules",
          "assetId": "4CFXln11DKUj",
          "checksum": "81eae4c8d8cf9ea025471e4e4a67638f"
        },
        {
          "type": "renderModule",
          "assetId": "wbX9lxBcV6um",
          "checksum": "8e7f0aa3f2ee910b58eb748a130019c0"
        },
        {
          "type": "cssRules",
          "assetId": "wbX9lxBcV6um",
          "checksum": "8e7f0aa3f2ee910b58eb748a130019c0"
        },
        {
          "type": "renderModule",
          "assetId": "P7X6n34lXUGW",
          "checksum": "d45f73287855cca42f06138e55076400"
        },
        {
          "type": "cssRules",
          "assetId": "P7X6n34lXUGW",
          "checksum": "d45f73287855cca42f06138e55076400"
        },
        {
          "type": "renderModule",
          "assetId": "dNp3aHx5sCMy",
          "checksum": "3eaef4f581156b9072749f7226b5df40"
        },
        {
          "type": "cssRules",
          "assetId": "dNp3aHx5sCMy",
          "checksum": "3eaef4f581156b9072749f7226b5df40"
        },
        {
          "type": "renderModule",
          "assetId": "2ghnqUzHr9VW",
          "checksum": "81e5bb873799a183a2242c2dc09d1fdc"
        },
        {
          "type": "cssRules",
          "assetId": "2ghnqUzHr9VW",
          "checksum": "81e5bb873799a183a2242c2dc09d1fdc"
        },
        {
          "type": "renderModule",
          "assetId": "TbV4iny6ICDW",
          "checksum": "5026eb3f58c9cbd32c19f9e737e0ab84"
        },
        {
          "type": "cssRules",
          "assetId": "TbV4iny6ICDW",
          "checksum": "5026eb3f58c9cbd32c19f9e737e0ab84"
        },
        {
          "type": "icon",
          "assetId": "IKVjU_O5qIIg",
          "checksum": "40f55d464ed9be53098c28f65378edf4"
        },
        {
          "type": "icon",
          "assetId": "3Q8kq8VDbV-U",
          "checksum": "46379b30b66e46da8292fbdb697cf985"
        },
        {
          "type": "icon",
          "assetId": "ZIG-cR0h3PJC",
          "checksum": "1bda8263e9b936f7f6abfa3513a2b88e"
        },
        {
          "type": "icon",
          "assetId": "UqE6GKg9YBWf",
          "checksum": "32cf3b2a1d0e90e4c995e699e4353577"
        },
        {
          "type": "icon",
          "assetId": "rIYoJCRMFjnK",
          "checksum": "1104b84c4e02e1ab205c4c7af2c1877c"
        },
        {
          "type": "icon",
          "assetId": "gqPVC6O32gLv",
          "checksum": "74868e4604825983197514e6c5215655"
        },
        {
          "type": "icon",
          "assetId": "mjdneK0hydGL",
          "checksum": "37394766f9a18457bee40ab4ca796dbf"
        },
        {
          "type": "icon",
          "assetId": "qlmf7oIgMzzv",
          "checksum": "d8422ebcc69539c0fe00fba933163ae2"
        },
        {
          "type": "icon",
          "assetId": "c_Ywwoc3odYT",
          "checksum": "13b41654a284f55000088e6d90450828"
        },
        {
          "type": "icon",
          "assetId": "LPSzYmYAOsYH",
          "checksum": "ecf5a861bbe1e9beb2060c35e300404a"
        },
        {
          "type": "icon",
          "assetId": "C08e58sW-awg",
          "checksum": "45e572584a8f422f339f8db3cab9560c"
        },
        {
          "type": "icon",
          "assetId": "y-44q4zk6lOP",
          "checksum": "d3b10fd36a22a39c83f97747c79cc3ea"
        },
        {
          "type": "icon",
          "assetId": "7itGCh5RI7pO",
          "checksum": "b7bb9c3813fd9486cbd58a8ca2471a02"
        },
        {
          "type": "icon",
          "assetId": "535JSjJvauEf",
          "checksum": "b3bf5a6562561baa48a2c6af67c80bd4"
        },
        {
          "type": "icon",
          "assetId": "igwB02uG7Od6",
          "checksum": "c164633dfa78778796754c0c092dbbe6"
        },
        {
          "type": "icon",
          "assetId": "apX8Hc3ETcDK",
          "checksum": "bd97dfbb8578a6d751d1f708afb0c341"
        },
        {
          "type": "icon",
          "assetId": "UijCjXE0BIrj",
          "checksum": "10bbc07312bb4745cc265381c6ab6b2d"
        },
        {
          "type": "icon",
          "assetId": "KcpTQlc2uU5y",
          "checksum": "ed76279ff19ed902017d709fab92630b"
        },
        {
          "type": "icon",
          "assetId": "Oet7KiietaBh",
          "checksum": "54e7ebe1103983afca34cdc8211308c2"
        },
        {
          "type": "image",
          "assetId": "17JoycsYAs0p",
          "checksum": "18632bb95a2d291899d276e758121774"
        },
        {
          "type": "image",
          "assetId": "WzcAVbKMKrIi",
          "checksum": "3185a08b648fa3de972cd20fd67aaa37"
        },
        {
          "type": "image",
          "assetId": "7jNk1K796VI2",
          "checksum": "c01ffc606199ebaced5274b21c0ae2a5"
        },
        {
          "type": "image",
          "assetId": "kCfTZjzPGG4_",
          "checksum": "781bfee3dab17f6077d08d14f7dca5c8"
        },
        {
          "type": "image",
          "assetId": "DW4H-OU3OdrG",
          "checksum": "d629700e9f340dad564c93c9a593a29d"
        },
        {
          "type": "image",
          "assetId": "A4s64GOaQg3Y",
          "checksum": "4787e1e00908d144be86e01b6d7fcd07"
        },
        {
          "type": "image",
          "assetId": "p9wHp8at591Y",
          "checksum": "d8383d56d51b9f953518cf9a18748baa"
        },
        {
          "type": "image",
          "assetId": "1-SwyD_giI3m",
          "checksum": "bdbec445c68c128959a477603e327de1"
        },
        {
          "type": "image",
          "assetId": "8zvaCW7GHWHv",
          "checksum": "c0172e701650d7197fbb0220ac8dd9bb"
        },
        {
          "type": "image",
          "assetId": "9VJ8JcPLEQ-a",
          "checksum": "aadf00fe69942be7560a11184c9461cd"
        },
        {
          "type": "image",
          "assetId": "pZq4LqvAQp1U",
          "checksum": "409ff9abe4dee90dfccbe27223504db5"
        },
        {
          "type": "image",
          "assetId": "EzNCWAMpnajn",
          "checksum": "b022b8801bcbaa0219363fcb6ab15cf2"
        },
        {
          "type": "image",
          "assetId": "9LhiChe_XSZX",
          "checksum": "3987b41628ea0d49b085b6137559a16d"
        },
        {
          "type": "image",
          "assetId": "-mUrF7dZQWbs",
          "checksum": "530cce04526d8171778000e6507223d2"
        },
        {
          "type": "image",
          "assetId": "qitnPCn5oCG-",
          "checksum": "ae191d032eb7423abf5a57ef9a86547f"
        },
        {
          "type": "image",
          "assetId": "jh7Ue9gd92nr",
          "checksum": "f3208edebe1269283a080dc21c64e476"
        },
        {
          "type": "image",
          "assetId": "dL3jTZ_guYro",
          "checksum": "2a42d4201d307733ce812662e00bc71f"
        },
        {
          "type": "image",
          "assetId": "ZB3YFjUE50jN",
          "checksum": "0a1a4760dbac6a3579799cc1ad0696e1"
        },
        {
          "type": "image",
          "assetId": "k0nV1o4Eclkk",
          "checksum": "001bb35507650dbcd87cdac5222c645b"
        },
        {
          "type": "image",
          "assetId": "sfc_MLpH9CAF",
          "checksum": "da876d15a47452a6ca6e42e06ef4c2c3"
        },
        {
          "type": "image",
          "assetId": "RG8QSjcgULTA",
          "checksum": "09d9c5636386e9a4af19ec7917eedb36"
        },
        {
          "type": "image",
          "assetId": "XwJqLn8x4bDb",
          "checksum": "048d232b92b9d7a389df93086b6bbf86"
        },
        {
          "type": "image",
          "assetId": "Wk5yZAgNhSLF",
          "checksum": "8ed5fec3e4ab86d590804a998fb4b68e"
        },
        {
          "type": "image",
          "assetId": "kgX3Z4_vZqcX",
          "checksum": "a23a323019ca21df7511f3362098f8c2"
        },
        {
          "type": "image",
          "assetId": "zyBt8zWpbMVF",
          "checksum": "2963e888807f4b039853ac7e4378a802"
        },
        {
          "type": "image",
          "assetId": "gBMFnIsb8Wv4",
          "checksum": "ed1a7e25a468c95f907aa2952239a9a9"
        },
        {
          "type": "image",
          "assetId": "qyvKGW24hRcX",
          "checksum": "839b7c27acbd39886dc99638c4317e76"
        },
        {
          "type": "image",
          "assetId": "VEa_SH8eItWQ",
          "checksum": "c67282fed21dd2f91f9c8ce2d956e07c"
        },
        {
          "type": "image",
          "assetId": "ZDgRXjpupHkM",
          "checksum": "c80d5e69db4bbd0e4fddb0f7d8dfd104"
        },
        {
          "type": "image",
          "assetId": "ZtVxoyYkbXt6",
          "checksum": "97a3badcac7cd4e688f329816d5244b3"
        },
        {
          "type": "image",
          "assetId": "52DNz10cZWsh",
          "checksum": "999e0c6f1f4db6290b32842c13b69b39"
        },
        {
          "type": "image",
          "assetId": "MnsxZ4Es80s5",
          "checksum": "ded415c7bf5aa8dfe177c31086cb07dc"
        },
        {
          "type": "image",
          "assetId": "3j1HOdVDMO9M",
          "checksum": "b1f1dbaef4b7d17451b74c3619392b9e"
        },
        {
          "type": "image",
          "assetId": "lXRo-_UM13aK",
          "checksum": "a085ef79de42a9cc1e8b578c53066e2c"
        },
        {
          "type": "image",
          "assetId": "rEIxqoSjV9mN",
          "checksum": "b4792c20bc30f2e52b9da2c84157bcc7"
        },
        {
          "type": "image",
          "assetId": "zmSkLW-id1EY",
          "checksum": "6b807018697de83cebaeba9b59d4b64f"
        },
        {
          "type": "image",
          "assetId": "3H4G-LbPY5XD",
          "checksum": "26e0c9053b8ded7c7f79961c2fdf9437"
        },
        {
          "type": "image",
          "assetId": "L986I_QZvZCV",
          "checksum": "a1bcca45f31337f435f8f60f531f2338"
        },
        {
          "type": "image",
          "assetId": "CWAhy0nbUMFD",
          "checksum": "e5d3b35b11986cd5ba4261fecc558aa1"
        },
        {
          "type": "image",
          "assetId": "iCfYjqzZt2xV",
          "checksum": "1f4ab856ea85d1a31fb6eacebe2a6fc0"
        },
        {
          "type": "image",
          "assetId": "b-8J6WohO9G8",
          "checksum": "1f9a142a027014bf54e8100814c58171"
        },
        {
          "type": "image",
          "assetId": "tg3oK9x0TTt2",
          "checksum": "86d1b96d2bbbd8c16b3b3408d740a69c"
        },
        {
          "type": "image",
          "assetId": "kY63tKS4GAjq",
          "checksum": "5ce7643de665cfca869130ac9b6c2f2c"
        },
        {
          "type": "image",
          "assetId": "kOGaRL0otsM_",
          "checksum": "a0d044f3db424be2959d122e24c9a702"
        },
        {
          "type": "image",
          "assetId": "KeZpqOl-ieHX",
          "checksum": "fde99c1255c70b7cee8d882c89a96b1c"
        },
        {
          "type": "image",
          "assetId": "LKrQJJThZSuH",
          "checksum": "4bded757014589b00c9f0b278aea41e8"
        },
        {
          "type": "image",
          "assetId": "eS6jly5STNOi",
          "checksum": "90bd65664f73ae9a9de93ad17d656cf9"
        },
        {
          "type": "image",
          "assetId": "qLbUSnbrjn96",
          "checksum": "946d37324b02f3335d33ece0a5035597"
        },
        {
          "type": "image",
          "assetId": "VNNNkY5lhOde",
          "checksum": "8a76e5d8533d0c0a4f9e082d128889af"
        },
        {
          "type": "image",
          "assetId": "9wAuPcmAn20e",
          "checksum": "41b8e5276d96c34c870d8d22eb24986b"
        },
        {
          "type": "image",
          "assetId": "jLceCXZd22At",
          "checksum": "118038b59c66f385c04196c0043567c3"
        },
        {
          "type": "image",
          "assetId": "JfPQKdxijebF",
          "checksum": "7f32b3e78e8d513e5b63e33c93bd0250"
        },
        {
          "type": "image",
          "assetId": "q8E6cwK1xITm",
          "checksum": "fe067891e65de576edc8510f9fe59a7f"
        },
        {
          "type": "image",
          "assetId": "qyPOgkZmzUJ5",
          "checksum": "1f825cea66471af108d9c6e97fcc769c"
        },
        {
          "type": "image",
          "assetId": "6mQktRS9HfqE",
          "checksum": "3df97f44780cd79c090aed1b6a9dfb67"
        },
        {
          "type": "image",
          "assetId": "krtx3iZcPDZx",
          "checksum": "9daf558146f1add52d632eb893c6e750"
        },
        {
          "type": "image",
          "assetId": "T6g--zUSWQn3",
          "checksum": "b60d35f45a7440a535c4e188693230da"
        },
        {
          "type": "image",
          "assetId": "SU9MNXmlfN_u",
          "checksum": "17457bbe48f2f375b8f712c6353c9f25"
        },
        {
          "type": "image",
          "assetId": "kZS5UX5fW9jr",
          "checksum": "69b869524d9ddd6c3822d4a41b698256"
        },
        {
          "type": "image",
          "assetId": "7o16Txf28RUm",
          "checksum": "b6288d0b88d11f632904d46a26c17162"
        },
        {
          "type": "image",
          "assetId": "5KEO_fpS_J94",
          "checksum": "10942124c734f60ce4af83dd4be462fc"
        },
        {
          "type": "image",
          "assetId": "cIPquEXNu9YO",
          "checksum": "303957db907b904e2a6469e9ea1ba176"
        },
        {
          "type": "image",
          "assetId": "uk26Y80Zwyj0",
          "checksum": "938973c93a31adf0c687dd60082bbe73"
        },
        {
          "type": "image",
          "assetId": "jAua0bcpvtQN",
          "checksum": "11fbc3a4c26afab21822a5f1dc1c8217"
        },
        {
          "type": "image",
          "assetId": "4jxOPP3AjVN0",
          "checksum": "c783c239c15b7c2af7fe788c97d1be94"
        },
        {
          "type": "image",
          "assetId": "akMSTPdW6YjG",
          "checksum": "40337eefa83346673f91610d30cfcb28"
        },
        {
          "type": "image",
          "assetId": "FRMrEKhCTT93",
          "checksum": "8a8b7e2c980199c3665c5743eb934027"
        },
        {
          "type": "image",
          "assetId": "JMLo-hynBVSv",
          "checksum": "95535fa0f52983b8adbb78f3096289af"
        },
        {
          "type": "image",
          "assetId": "lDvz6Y3FuLDk",
          "checksum": "106d3d3ebd74a25d40501e7dc3042f7b"
        },
        {
          "type": "image",
          "assetId": "ajgJMFk80J7e",
          "checksum": "366fbb5617e9e4a3ec61e0405a0f0148"
        },
        {
          "type": "image",
          "assetId": "iOOLtwXbGHR_",
          "checksum": "8a9e5395826d8912f8abe4b44d306eaf"
        },
        {
          "type": "image",
          "assetId": "diSidXXzm_qd",
          "checksum": "f0ddb26ff4c0aa09e8383b4837c8b8aa"
        },
        {
          "type": "image",
          "assetId": "HjMIddS4Uwfi",
          "checksum": "ef859dcde31b41a62902cfb8e887039f"
        },
        {
          "type": "image",
          "assetId": "zDCQ2yHOQ8BR",
          "checksum": "da1279539261fdc72ebabbe71917f0af"
        },
        {
          "type": "image",
          "assetId": "TemF0rmqU13d",
          "checksum": "2f3403404559f5f791ed4043530220f4"
        },
        {
          "type": "image",
          "assetId": "OSD4bK7f9ppS",
          "checksum": "5d24f626e53ce0430390d0e9920cba94"
        },
        {
          "type": "image",
          "assetId": "IwiUmSfygs-Z",
          "checksum": "41e6f6322a245df05b544a0a75d08999"
        },
        {
          "type": "image",
          "assetId": "mbULbf54yaFf",
          "checksum": "9f962a1344cfd089c14cd2efe34124c3"
        },
        {
          "type": "image",
          "assetId": "HKbjxwEPECUW",
          "checksum": "1e03694c8ef58bbef7cedb89aec8a04c"
        },
        {
          "type": "image",
          "assetId": "P2glAOdirgN0",
          "checksum": "5e57e5e6b34754f4a8d4f22ee8b68dac"
        },
        {
          "type": "image",
          "assetId": "sNK4NNX7Z6Nw",
          "checksum": "615ba2d73963d8213dfdc75e9c32853d"
        },
        {
          "type": "image",
          "assetId": "yyiGlJ5W-IzK",
          "checksum": "ea2ac9d8639d31df93477bd9d850ef5e"
        },
        {
          "type": "image",
          "assetId": "S7pMbH3rfhJ3",
          "checksum": "2a3fafdc4170a364716751accbfeb98b"
        },
        {
          "type": "image",
          "assetId": "ZYEKMZMMT75T",
          "checksum": "d96a188aff4ad04175a3681bb6bb0efa"
        },
        {
          "type": "image",
          "assetId": "xoFyx1JvYJUe",
          "checksum": "d970b87c592543543e50c3f938db5d52"
        },
        {
          "type": "image",
          "assetId": "gTJhy6z9-T22",
          "checksum": "b44c2e7218805115f02ade48147c2e0a"
        },
        {
          "type": "image",
          "assetId": "Oqc8UHmqABxR",
          "checksum": "724b6519148d9e518c9eb3e8c394b2d5"
        },
        {
          "type": "image",
          "assetId": "1McWeFgJsFxD",
          "checksum": "800f9131bb29c96961251714b6ab048f"
        },
        {
          "type": "image",
          "assetId": "U9-hNzr1R6qW",
          "checksum": "35716bae0c2cfec4b81ea948737907c0"
        },
        {
          "type": "image",
          "assetId": "Bd2SFm9hOdvc",
          "checksum": "69ee3802afe7bc12e79c9f214fe88664"
        },
        {
          "type": "image",
          "assetId": "1v5Fb4BOgiR4",
          "checksum": "1fb7736d850db79c646fec900d71e0a4"
        },
        {
          "type": "image",
          "assetId": "l8lX2oqbI20x",
          "checksum": "7a82c0777c38676beba85518d7bb2d35"
        },
        {
          "type": "image",
          "assetId": "7oVvYWqFMofT",
          "checksum": "1b4df71a0fb16fcc5c80f7085ed7d2aa"
        },
        {
          "type": "image",
          "assetId": "Zw6ZibbRDfoW",
          "checksum": "d08802c1fcd14bea5aa893d489a94984"
        },
        {
          "type": "image",
          "assetId": "exOK_BRkWq1f",
          "checksum": "44a8eeb0f9af8045e97f4f3fca57c7f1"
        },
        {
          "assetId": "4kmT42g2H7uUo6tUMY4ybn",
          "type": "projectCss",
          "checksum": "4e713a88a6a0752b9ffca0f5fa53cfaa"
        },
        {
          "type": "renderModule",
          "assetId": "4wf2y5Vq09Ry",
          "checksum": "88b8367e50aab1115c27494f20e0127c"
        },
        {
          "type": "cssRules",
          "assetId": "4wf2y5Vq09Ry",
          "checksum": "88b8367e50aab1115c27494f20e0127c"
        },
        {
          "type": "renderModule",
          "assetId": "8Uy1jzZAzIib",
          "checksum": "189b6db43655c0cf71f1b17083e0fe86"
        },
        {
          "type": "cssRules",
          "assetId": "8Uy1jzZAzIib",
          "checksum": "189b6db43655c0cf71f1b17083e0fe86"
        },
        {
          "type": "image",
          "assetId": "S0Wiw000Z3f6",
          "checksum": "cd9e99899f47aae1f17c72346ef7c066"
        },
        {
          "type": "image",
          "assetId": "UO5gJPeMW0DU",
          "checksum": "a77ab314d14e5b2718fc3e1cd495f03a"
        }
      ],
      "codegenVersion": "0.0.1"
    }
  ],
  "cliVersion": "0.1.334"
}
